// !$*UTF8*$!
{
	archiveVersion = 1;
	classes = {
	};
	objectVersion = 48;
	objects = {

/* Begin PBXBuildFile section */
		E9191B7B1FBEBDF700BDB847 /* MyApps.framework in Frameworks */ = {isa = PBXBuildFile; fileRef = E9191B711FBEBDF600BDB847 /* MyApps.framework */; };
		E9191B801FBEBDF700BDB847 /* MyAppsTests.swift in Sources */ = {isa = PBXBuildFile; fileRef = E9191B7F1FBEBDF700BDB847 /* MyAppsTests.swift */; };
		E9191B821FBEBDF700BDB847 /* MyApps.h in Headers */ = {isa = PBXBuildFile; fileRef = E9191B741FBEBDF600BDB847 /* MyApps.h */; settings = {ATTRIBUTES = (Public, ); }; };
		E9284B1E1FBEBFA6003F6976 /* LookupResponse.swift in Sources */ = {isa = PBXBuildFile; fileRef = E9284B191FBEBFA6003F6976 /* LookupResponse.swift */; };
		E9284B1F1FBEBFA6003F6976 /* App.swift in Sources */ = {isa = PBXBuildFile; fileRef = E9284B1A1FBEBFA6003F6976 /* App.swift */; };
		E9284B201FBEBFA6003F6976 /* LookupRequest.swift in Sources */ = {isa = PBXBuildFile; fileRef = E9284B1B1FBEBFA6003F6976 /* LookupRequest.swift */; };
		E9284B211FBEBFA6003F6976 /* Artist.swift in Sources */ = {isa = PBXBuildFile; fileRef = E9284B1C1FBEBFA6003F6976 /* Artist.swift */; };
		E9284B221FBEBFA6003F6976 /* String+Extension.swift in Sources */ = {isa = PBXBuildFile; fileRef = E9284B1D1FBEBFA6003F6976 /* String+Extension.swift */; };
		E9284B2A1FBEC619003F6976 /* APIKit.framework in Frameworks */ = {isa = PBXBuildFile; fileRef = E9284B281FBEC619003F6976 /* APIKit.framework */; };
		E9284B2B1FBEC619003F6976 /* Result.framework in Frameworks */ = {isa = PBXBuildFile; fileRef = E9284B291FBEC619003F6976 /* Result.framework */; };
		E9284B711FBED407003F6976 /* APIKit.framework in Frameworks */ = {isa = PBXBuildFile; fileRef = E9284B281FBEC619003F6976 /* APIKit.framework */; };
		E9284B721FBED407003F6976 /* Result.framework in Frameworks */ = {isa = PBXBuildFile; fileRef = E9284B291FBEC619003F6976 /* Result.framework */; };
/* End PBXBuildFile section */

/* Begin PBXContainerItemProxy section */
		E9191B7C1FBEBDF700BDB847 /* PBXContainerItemProxy */ = {
			isa = PBXContainerItemProxy;
			containerPortal = E9191B681FBEBDF600BDB847 /* Project object */;
			proxyType = 1;
			remoteGlobalIDString = E9191B701FBEBDF600BDB847;
			remoteInfo = MyApps;
		};
/* End PBXContainerItemProxy section */

/* Begin PBXFileReference section */
		E9191B711FBEBDF600BDB847 /* MyApps.framework */ = {isa = PBXFileReference; explicitFileType = wrapper.framework; includeInIndex = 0; path = MyApps.framework; sourceTree = BUILT_PRODUCTS_DIR; };
		E9191B741FBEBDF600BDB847 /* MyApps.h */ = {isa = PBXFileReference; lastKnownFileType = sourcecode.c.h; path = MyApps.h; sourceTree = "<group>"; };
		E9191B751FBEBDF600BDB847 /* Info.plist */ = {isa = PBXFileReference; lastKnownFileType = text.plist.xml; path = Info.plist; sourceTree = "<group>"; };
		E9191B7A1FBEBDF700BDB847 /* MyAppsTests.xctest */ = {isa = PBXFileReference; explicitFileType = wrapper.cfbundle; includeInIndex = 0; path = MyAppsTests.xctest; sourceTree = BUILT_PRODUCTS_DIR; };
		E9191B7F1FBEBDF700BDB847 /* MyAppsTests.swift */ = {isa = PBXFileReference; lastKnownFileType = sourcecode.swift; path = MyAppsTests.swift; sourceTree = "<group>"; };
		E9191B811FBEBDF700BDB847 /* Info.plist */ = {isa = PBXFileReference; lastKnownFileType = text.plist.xml; path = Info.plist; sourceTree = "<group>"; };
		E9284B191FBEBFA6003F6976 /* LookupResponse.swift */ = {isa = PBXFileReference; fileEncoding = 4; lastKnownFileType = sourcecode.swift; path = LookupResponse.swift; sourceTree = "<group>"; };
		E9284B1A1FBEBFA6003F6976 /* App.swift */ = {isa = PBXFileReference; fileEncoding = 4; lastKnownFileType = sourcecode.swift; path = App.swift; sourceTree = "<group>"; };
		E9284B1B1FBEBFA6003F6976 /* LookupRequest.swift */ = {isa = PBXFileReference; fileEncoding = 4; lastKnownFileType = sourcecode.swift; path = LookupRequest.swift; sourceTree = "<group>"; };
		E9284B1C1FBEBFA6003F6976 /* Artist.swift */ = {isa = PBXFileReference; fileEncoding = 4; lastKnownFileType = sourcecode.swift; path = Artist.swift; sourceTree = "<group>"; };
		E9284B1D1FBEBFA6003F6976 /* String+Extension.swift */ = {isa = PBXFileReference; fileEncoding = 4; lastKnownFileType = sourcecode.swift; path = "String+Extension.swift"; sourceTree = "<group>"; };
		E9284B281FBEC619003F6976 /* APIKit.framework */ = {isa = PBXFileReference; lastKnownFileType = wrapper.framework; name = APIKit.framework; path = Carthage/Build/iOS/APIKit.framework; sourceTree = "<group>"; };
		E9284B291FBEC619003F6976 /* Result.framework */ = {isa = PBXFileReference; lastKnownFileType = wrapper.framework; name = Result.framework; path = Carthage/Build/iOS/Result.framework; sourceTree = "<group>"; };
/* End PBXFileReference section */

/* Begin PBXFrameworksBuildPhase section */
		E9191B6D1FBEBDF600BDB847 /* Frameworks */ = {
			isa = PBXFrameworksBuildPhase;
			buildActionMask = 2147483647;
			files = (
				E9284B2A1FBEC619003F6976 /* APIKit.framework in Frameworks */,
				E9284B2B1FBEC619003F6976 /* Result.framework in Frameworks */,
			);
			runOnlyForDeploymentPostprocessing = 0;
		};
		E9191B771FBEBDF700BDB847 /* Frameworks */ = {
			isa = PBXFrameworksBuildPhase;
			buildActionMask = 2147483647;
			files = (
				E9284B711FBED407003F6976 /* APIKit.framework in Frameworks */,
				E9284B721FBED407003F6976 /* Result.framework in Frameworks */,
				E9191B7B1FBEBDF700BDB847 /* MyApps.framework in Frameworks */,
			);
			runOnlyForDeploymentPostprocessing = 0;
		};
/* End PBXFrameworksBuildPhase section */

/* Begin PBXGroup section */
		E9191B671FBEBDF600BDB847 = {
			isa = PBXGroup;
			children = (
				E9191B731FBEBDF600BDB847 /* MyApps */,
				E9191B7E1FBEBDF700BDB847 /* MyAppsTests */,
				E9191B721FBEBDF600BDB847 /* Products */,
				E9284B271FBEC618003F6976 /* Frameworks */,
			);
			sourceTree = "<group>";
		};
		E9191B721FBEBDF600BDB847 /* Products */ = {
			isa = PBXGroup;
			children = (
				E9191B711FBEBDF600BDB847 /* MyApps.framework */,
				E9191B7A1FBEBDF700BDB847 /* MyAppsTests.xctest */,
			);
			name = Products;
			sourceTree = "<group>";
		};
		E9191B731FBEBDF600BDB847 /* MyApps */ = {
			isa = PBXGroup;
			children = (
				E9191B741FBEBDF600BDB847 /* MyApps.h */,
				E9191B751FBEBDF600BDB847 /* Info.plist */,
				E9284B231FBEBFAE003F6976 /* Sources */,
			);
			path = MyApps;
			sourceTree = "<group>";
		};
		E9191B7E1FBEBDF700BDB847 /* MyAppsTests */ = {
			isa = PBXGroup;
			children = (
				E9191B7F1FBEBDF700BDB847 /* MyAppsTests.swift */,
				E9191B811FBEBDF700BDB847 /* Info.plist */,
			);
			path = MyAppsTests;
			sourceTree = "<group>";
		};
		E9284B231FBEBFAE003F6976 /* Sources */ = {
			isa = PBXGroup;
			children = (
				E9284B1A1FBEBFA6003F6976 /* App.swift */,
				E9284B1C1FBEBFA6003F6976 /* Artist.swift */,
				E9284B1B1FBEBFA6003F6976 /* LookupRequest.swift */,
				E9284B191FBEBFA6003F6976 /* LookupResponse.swift */,
				E9284B1D1FBEBFA6003F6976 /* String+Extension.swift */,
			);
			path = Sources;
			sourceTree = "<group>";
		};
		E9284B271FBEC618003F6976 /* Frameworks */ = {
			isa = PBXGroup;
			children = (
				E9284B281FBEC619003F6976 /* APIKit.framework */,
				E9284B291FBEC619003F6976 /* Result.framework */,
			);
			name = Frameworks;
			sourceTree = "<group>";
		};
/* End PBXGroup section */

/* Begin PBXHeadersBuildPhase section */
		E9191B6E1FBEBDF600BDB847 /* Headers */ = {
			isa = PBXHeadersBuildPhase;
			buildActionMask = 2147483647;
			files = (
				E9191B821FBEBDF700BDB847 /* MyApps.h in Headers */,
			);
			runOnlyForDeploymentPostprocessing = 0;
		};
/* End PBXHeadersBuildPhase section */

/* Begin PBXNativeTarget section */
		E9191B701FBEBDF600BDB847 /* MyApps */ = {
			isa = PBXNativeTarget;
			buildConfigurationList = E9191B851FBEBDF700BDB847 /* Build configuration list for PBXNativeTarget "MyApps" */;
			buildPhases = (
				E9191B6C1FBEBDF600BDB847 /* Sources */,
				E9191B6D1FBEBDF600BDB847 /* Frameworks */,
				E9191B6E1FBEBDF600BDB847 /* Headers */,
				E9191B6F1FBEBDF600BDB847 /* Resources */,
				E9284B261FBEC4FF003F6976 /* Carthage Run Script */,
			);
			buildRules = (
			);
			dependencies = (
			);
			name = MyApps;
			productName = MyApps;
			productReference = E9191B711FBEBDF600BDB847 /* MyApps.framework */;
			productType = "com.apple.product-type.framework";
		};
		E9191B791FBEBDF700BDB847 /* MyAppsTests */ = {
			isa = PBXNativeTarget;
			buildConfigurationList = E9191B881FBEBDF700BDB847 /* Build configuration list for PBXNativeTarget "MyAppsTests" */;
			buildPhases = (
				E9191B761FBEBDF700BDB847 /* Sources */,
				E9191B771FBEBDF700BDB847 /* Frameworks */,
				E9191B781FBEBDF700BDB847 /* Resources */,
				E9284B701FBED312003F6976 /* Carthage Run Script */,
			);
			buildRules = (
			);
			dependencies = (
				E9191B7D1FBEBDF700BDB847 /* PBXTargetDependency */,
			);
			name = MyAppsTests;
			productName = MyAppsTests;
			productReference = E9191B7A1FBEBDF700BDB847 /* MyAppsTests.xctest */;
			productType = "com.apple.product-type.bundle.unit-test";
		};
/* End PBXNativeTarget section */

/* Begin PBXProject section */
		E9191B681FBEBDF600BDB847 /* Project object */ = {
			isa = PBXProject;
			attributes = {
				LastSwiftUpdateCheck = 0910;
				LastUpgradeCheck = 0910;
				ORGANIZATIONNAME = ken0nek;
				TargetAttributes = {
					E9191B701FBEBDF600BDB847 = {
						CreatedOnToolsVersion = 9.1;
						LastSwiftMigration = 0910;
						ProvisioningStyle = Automatic;
					};
					E9191B791FBEBDF700BDB847 = {
						CreatedOnToolsVersion = 9.1;
						ProvisioningStyle = Automatic;
					};
				};
			};
			buildConfigurationList = E9191B6B1FBEBDF600BDB847 /* Build configuration list for PBXProject "MyApps" */;
			compatibilityVersion = "Xcode 8.0";
			developmentRegion = en;
			hasScannedForEncodings = 0;
			knownRegions = (
				en,
				Base,
			);
			mainGroup = E9191B671FBEBDF600BDB847;
			productRefGroup = E9191B721FBEBDF600BDB847 /* Products */;
			projectDirPath = "";
			projectRoot = "";
			targets = (
				E9191B701FBEBDF600BDB847 /* MyApps */,
				E9191B791FBEBDF700BDB847 /* MyAppsTests */,
			);
		};
/* End PBXProject section */

/* Begin PBXResourcesBuildPhase section */
		E9191B6F1FBEBDF600BDB847 /* Resources */ = {
			isa = PBXResourcesBuildPhase;
			buildActionMask = 2147483647;
			files = (
			);
			runOnlyForDeploymentPostprocessing = 0;
		};
		E9191B781FBEBDF700BDB847 /* Resources */ = {
			isa = PBXResourcesBuildPhase;
			buildActionMask = 2147483647;
			files = (
			);
			runOnlyForDeploymentPostprocessing = 0;
		};
/* End PBXResourcesBuildPhase section */

/* Begin PBXShellScriptBuildPhase section */
		E9284B261FBEC4FF003F6976 /* Carthage Run Script */ = {
			isa = PBXShellScriptBuildPhase;
			buildActionMask = 2147483647;
			files = (
			);
			inputPaths = (
				"$(SRCROOT)/carthage/Build/iOS/Result.framework",
				"$(SRCROOT)/carthage/Build/iOS/APIKit.framework",
			);
			name = "Carthage Run Script";
			outputPaths = (
			);
			runOnlyForDeploymentPostprocessing = 0;
			shellPath = /bin/sh;
			shellScript = "/usr/local/bin/carthage copy-frameworks";
		};
		E9284B701FBED312003F6976 /* Carthage Run Script */ = {
			isa = PBXShellScriptBuildPhase;
			buildActionMask = 2147483647;
			files = (
			);
			inputPaths = (
				"$(SRCROOT)/carthage/Build/iOS/Result.framework",
				"$(SRCROOT)/carthage/Build/iOS/APIKit.framework",
			);
			name = "Carthage Run Script";
			outputPaths = (
			);
			runOnlyForDeploymentPostprocessing = 0;
			shellPath = /bin/sh;
			shellScript = "/usr/local/bin/carthage copy-frameworks";
		};
/* End PBXShellScriptBuildPhase section */

/* Begin PBXSourcesBuildPhase section */
		E9191B6C1FBEBDF600BDB847 /* Sources */ = {
			isa = PBXSourcesBuildPhase;
			buildActionMask = 2147483647;
			files = (
				E9284B1E1FBEBFA6003F6976 /* LookupResponse.swift in Sources */,
				E9284B201FBEBFA6003F6976 /* LookupRequest.swift in Sources */,
				E9284B211FBEBFA6003F6976 /* Artist.swift in Sources */,
				E9284B221FBEBFA6003F6976 /* String+Extension.swift in Sources */,
				E9284B1F1FBEBFA6003F6976 /* App.swift in Sources */,
			);
			runOnlyForDeploymentPostprocessing = 0;
		};
		E9191B761FBEBDF700BDB847 /* Sources */ = {
			isa = PBXSourcesBuildPhase;
			buildActionMask = 2147483647;
			files = (
				E9191B801FBEBDF700BDB847 /* MyAppsTests.swift in Sources */,
			);
			runOnlyForDeploymentPostprocessing = 0;
		};
/* End PBXSourcesBuildPhase section */

/* Begin PBXTargetDependency section */
		E9191B7D1FBEBDF700BDB847 /* PBXTargetDependency */ = {
			isa = PBXTargetDependency;
			target = E9191B701FBEBDF600BDB847 /* MyApps */;
			targetProxy = E9191B7C1FBEBDF700BDB847 /* PBXContainerItemProxy */;
		};
/* End PBXTargetDependency section */

/* Begin XCBuildConfiguration section */
		E9191B831FBEBDF700BDB847 /* Debug */ = {
			isa = XCBuildConfiguration;
			buildSettings = {
				ALWAYS_SEARCH_USER_PATHS = NO;
				CLANG_ANALYZER_NONNULL = YES;
				CLANG_ANALYZER_NUMBER_OBJECT_CONVERSION = YES_AGGRESSIVE;
				CLANG_CXX_LANGUAGE_STANDARD = "gnu++14";
				CLANG_CXX_LIBRARY = "libc++";
				CLANG_ENABLE_MODULES = YES;
				CLANG_ENABLE_OBJC_ARC = YES;
				CLANG_WARN_BLOCK_CAPTURE_AUTORELEASING = YES;
				CLANG_WARN_BOOL_CONVERSION = YES;
				CLANG_WARN_COMMA = YES;
				CLANG_WARN_CONSTANT_CONVERSION = YES;
				CLANG_WARN_DIRECT_OBJC_ISA_USAGE = YES_ERROR;
				CLANG_WARN_DOCUMENTATION_COMMENTS = YES;
				CLANG_WARN_EMPTY_BODY = YES;
				CLANG_WARN_ENUM_CONVERSION = YES;
				CLANG_WARN_INFINITE_RECURSION = YES;
				CLANG_WARN_INT_CONVERSION = YES;
				CLANG_WARN_NON_LITERAL_NULL_CONVERSION = YES;
				CLANG_WARN_OBJC_LITERAL_CONVERSION = YES;
				CLANG_WARN_OBJC_ROOT_CLASS = YES_ERROR;
				CLANG_WARN_RANGE_LOOP_ANALYSIS = YES;
				CLANG_WARN_STRICT_PROTOTYPES = YES;
				CLANG_WARN_SUSPICIOUS_MOVE = YES;
				CLANG_WARN_UNGUARDED_AVAILABILITY = YES_AGGRESSIVE;
				CLANG_WARN_UNREACHABLE_CODE = YES;
				CLANG_WARN__DUPLICATE_METHOD_MATCH = YES;
				CODE_SIGN_IDENTITY = "iPhone Developer";
				COPY_PHASE_STRIP = NO;
				CURRENT_PROJECT_VERSION = 1;
				DEBUG_INFORMATION_FORMAT = dwarf;
				ENABLE_STRICT_OBJC_MSGSEND = YES;
				ENABLE_TESTABILITY = YES;
				GCC_C_LANGUAGE_STANDARD = gnu11;
				GCC_DYNAMIC_NO_PIC = NO;
				GCC_NO_COMMON_BLOCKS = YES;
				GCC_OPTIMIZATION_LEVEL = 0;
				GCC_PREPROCESSOR_DEFINITIONS = (
					"DEBUG=1",
					"$(inherited)",
				);
				GCC_WARN_64_TO_32_BIT_CONVERSION = YES;
				GCC_WARN_ABOUT_RETURN_TYPE = YES_ERROR;
				GCC_WARN_UNDECLARED_SELECTOR = YES;
				GCC_WARN_UNINITIALIZED_AUTOS = YES_AGGRESSIVE;
				GCC_WARN_UNUSED_FUNCTION = YES;
				GCC_WARN_UNUSED_VARIABLE = YES;
				IPHONEOS_DEPLOYMENT_TARGET = 11.0;
				MTL_ENABLE_DEBUG_INFO = YES;
				ONLY_ACTIVE_ARCH = YES;
				SDKROOT = iphoneos;
				SWIFT_ACTIVE_COMPILATION_CONDITIONS = DEBUG;
				SWIFT_OPTIMIZATION_LEVEL = "-Onone";
				VERSIONING_SYSTEM = "apple-generic";
				VERSION_INFO_PREFIX = "";
			};
			name = Debug;
		};
		E9191B841FBEBDF700BDB847 /* Release */ = {
			isa = XCBuildConfiguration;
			buildSettings = {
				ALWAYS_SEARCH_USER_PATHS = NO;
				CLANG_ANALYZER_NONNULL = YES;
				CLANG_ANALYZER_NUMBER_OBJECT_CONVERSION = YES_AGGRESSIVE;
				CLANG_CXX_LANGUAGE_STANDARD = "gnu++14";
				CLANG_CXX_LIBRARY = "libc++";
				CLANG_ENABLE_MODULES = YES;
				CLANG_ENABLE_OBJC_ARC = YES;
				CLANG_WARN_BLOCK_CAPTURE_AUTORELEASING = YES;
				CLANG_WARN_BOOL_CONVERSION = YES;
				CLANG_WARN_COMMA = YES;
				CLANG_WARN_CONSTANT_CONVERSION = YES;
				CLANG_WARN_DIRECT_OBJC_ISA_USAGE = YES_ERROR;
				CLANG_WARN_DOCUMENTATION_COMMENTS = YES;
				CLANG_WARN_EMPTY_BODY = YES;
				CLANG_WARN_ENUM_CONVERSION = YES;
				CLANG_WARN_INFINITE_RECURSION = YES;
				CLANG_WARN_INT_CONVERSION = YES;
				CLANG_WARN_NON_LITERAL_NULL_CONVERSION = YES;
				CLANG_WARN_OBJC_LITERAL_CONVERSION = YES;
				CLANG_WARN_OBJC_ROOT_CLASS = YES_ERROR;
				CLANG_WARN_RANGE_LOOP_ANALYSIS = YES;
				CLANG_WARN_STRICT_PROTOTYPES = YES;
				CLANG_WARN_SUSPICIOUS_MOVE = YES;
				CLANG_WARN_UNGUARDED_AVAILABILITY = YES_AGGRESSIVE;
				CLANG_WARN_UNREACHABLE_CODE = YES;
				CLANG_WARN__DUPLICATE_METHOD_MATCH = YES;
				CODE_SIGN_IDENTITY = "iPhone Developer";
				COPY_PHASE_STRIP = NO;
				CURRENT_PROJECT_VERSION = 1;
				DEBUG_INFORMATION_FORMAT = "dwarf-with-dsym";
				ENABLE_NS_ASSERTIONS = NO;
				ENABLE_STRICT_OBJC_MSGSEND = YES;
				GCC_C_LANGUAGE_STANDARD = gnu11;
				GCC_NO_COMMON_BLOCKS = YES;
				GCC_WARN_64_TO_32_BIT_CONVERSION = YES;
				GCC_WARN_ABOUT_RETURN_TYPE = YES_ERROR;
				GCC_WARN_UNDECLARED_SELECTOR = YES;
				GCC_WARN_UNINITIALIZED_AUTOS = YES_AGGRESSIVE;
				GCC_WARN_UNUSED_FUNCTION = YES;
				GCC_WARN_UNUSED_VARIABLE = YES;
				IPHONEOS_DEPLOYMENT_TARGET = 11.0;
				MTL_ENABLE_DEBUG_INFO = NO;
				SDKROOT = iphoneos;
				SWIFT_OPTIMIZATION_LEVEL = "-Owholemodule";
				VALIDATE_PRODUCT = YES;
				VERSIONING_SYSTEM = "apple-generic";
				VERSION_INFO_PREFIX = "";
			};
			name = Release;
		};
		E9191B861FBEBDF700BDB847 /* Debug */ = {
			isa = XCBuildConfiguration;
			buildSettings = {
				CLANG_ENABLE_MODULES = YES;
				CODE_SIGN_IDENTITY = "";
				CODE_SIGN_STYLE = Automatic;
				DEFINES_MODULE = YES;
				DEVELOPMENT_TEAM = G4F57UX422;
				DYLIB_COMPATIBILITY_VERSION = 1;
				DYLIB_CURRENT_VERSION = 1;
				DYLIB_INSTALL_NAME_BASE = "@rpath";
				FRAMEWORK_SEARCH_PATHS = (
					"$(inherited)",
					"$(PROJECT_DIR)/Carthage/Build/iOS",
				);
				INFOPLIST_FILE = MyApps/Info.plist;
				INSTALL_PATH = "$(LOCAL_LIBRARY_DIR)/Frameworks";
				IPHONEOS_DEPLOYMENT_TARGET = 11.0;
				LD_RUNPATH_SEARCH_PATHS = "$(inherited) @executable_path/Frameworks @loader_path/Frameworks";
				PRODUCT_BUNDLE_IDENTIFIER = com.ken0nek.MyApps;
				PRODUCT_NAME = "$(TARGET_NAME:c99extidentifier)";
				SKIP_INSTALL = YES;
				SWIFT_OPTIMIZATION_LEVEL = "-Onone";
				SWIFT_VERSION = 4.0;
				TARGETED_DEVICE_FAMILY = "1,2";
			};
			name = Debug;
		};
		E9191B871FBEBDF700BDB847 /* Release */ = {
			isa = XCBuildConfiguration;
			buildSettings = {
				CLANG_ENABLE_MODULES = YES;
				CODE_SIGN_IDENTITY = "";
				CODE_SIGN_STYLE = Automatic;
				DEFINES_MODULE = YES;
				DEVELOPMENT_TEAM = G4F57UX422;
				DYLIB_COMPATIBILITY_VERSION = 1;
				DYLIB_CURRENT_VERSION = 1;
				DYLIB_INSTALL_NAME_BASE = "@rpath";
				FRAMEWORK_SEARCH_PATHS = (
					"$(inherited)",
					"$(PROJECT_DIR)/Carthage/Build/iOS",
				);
				INFOPLIST_FILE = MyApps/Info.plist;
				INSTALL_PATH = "$(LOCAL_LIBRARY_DIR)/Frameworks";
				IPHONEOS_DEPLOYMENT_TARGET = 11.0;
				LD_RUNPATH_SEARCH_PATHS = "$(inherited) @executable_path/Frameworks @loader_path/Frameworks";
				PRODUCT_BUNDLE_IDENTIFIER = com.ken0nek.MyApps;
				PRODUCT_NAME = "$(TARGET_NAME:c99extidentifier)";
				SKIP_INSTALL = YES;
				SWIFT_VERSION = 4.0;
				TARGETED_DEVICE_FAMILY = "1,2";
			};
			name = Release;
		};
		E9191B891FBEBDF700BDB847 /* Debug */ = {
			isa = XCBuildConfiguration;
			buildSettings = {
				ALWAYS_EMBED_SWIFT_STANDARD_LIBRARIES = YES;
				CODE_SIGN_STYLE = Automatic;
				DEVELOPMENT_TEAM = G4F57UX422;
				FRAMEWORK_SEARCH_PATHS = (
					"$(inherited)",
					"$(PROJECT_DIR)/Carthage/Build/iOS",
				);
				INFOPLIST_FILE = MyAppsTests/Info.plist;
				LD_RUNPATH_SEARCH_PATHS = "$(inherited) @executable_path/Frameworks @loader_path/Frameworks";
				PRODUCT_BUNDLE_IDENTIFIER = com.ken0nek.MyAppsTests;
				PRODUCT_NAME = "$(TARGET_NAME)";
				SWIFT_VERSION = 4.0;
				TARGETED_DEVICE_FAMILY = "1,2";
			};
			name = Debug;
		};
		E9191B8A1FBEBDF700BDB847 /* Release */ = {
			isa = XCBuildConfiguration;
			buildSettings = {
				ALWAYS_EMBED_SWIFT_STANDARD_LIBRARIES = YES;
				CODE_SIGN_STYLE = Automatic;
				DEVELOPMENT_TEAM = G4F57UX422;
				FRAMEWORK_SEARCH_PATHS = (
					"$(inherited)",
					"$(PROJECT_DIR)/Carthage/Build/iOS",
				);
				INFOPLIST_FILE = MyAppsTests/Info.plist;
				LD_RUNPATH_SEARCH_PATHS = "$(inherited) @executable_path/Frameworks @loader_path/Frameworks";
				PRODUCT_BUNDLE_IDENTIFIER = com.ken0nek.MyAppsTests;
				PRODUCT_NAME = "$(TARGET_NAME)";
				SWIFT_VERSION = 4.0;
				TARGETED_DEVICE_FAMILY = "1,2";
			};
			name = Release;
		};
/* End XCBuildConfiguration section */

/* Begin XCConfigurationList section */
		E9191B6B1FBEBDF600BDB847 /* Build configuration list for PBXProject "MyApps" */ = {
			isa = XCConfigurationList;
			buildConfigurations = (
				E9191B831FBEBDF700BDB847 /* Debug */,
				E9191B841FBEBDF700BDB847 /* Release */,
			);
			defaultConfigurationIsVisible = 0;
			defaultConfigurationName = Release;
		};
		E9191B851FBEBDF700BDB847 /* Build configuration list for PBXNativeTarget "MyApps" */ = {
			isa = XCConfigurationList;
			buildConfigurations = (
				E9191B861FBEBDF700BDB847 /* Debug */,
				E9191B871FBEBDF700BDB847 /* Release */,
			);
			defaultConfigurationIsVisible = 0;
			defaultConfigurationName = Release;
		};
		E9191B881FBEBDF700BDB847 /* Build configuration list for PBXNativeTarget "MyAppsTests" */ = {
			isa = XCConfigurationList;
			buildConfigurations = (
				E9191B891FBEBDF700BDB847 /* Debug */,
				E9191B8A1FBEBDF700BDB847 /* Release */,
			);
			defaultConfigurationIsVisible = 0;
			defaultConfigurationName = Release;
		};
/* End XCConfigurationList section */
	};
	rootObject = E9191B681FBEBDF600BDB847 /* Project object */;
}
